// !$*UTF8*$!
{
	archiveVersion = 1;
	classes = {
	};
	objectVersion = 46;
	objects = {

/* Begin PBXBuildFile section */
		8E75AB481BB766CB0015A5EB /* AppDelegate.swift in Sources */ = {isa = PBXBuildFile; fileRef = 8E75AB471BB766CB0015A5EB /* AppDelegate.swift */; };
		8E75AB4A1BB766CB0015A5EB /* ViewController.swift in Sources */ = {isa = PBXBuildFile; fileRef = 8E75AB491BB766CB0015A5EB /* ViewController.swift */; };
		8E75AB4D1BB766CB0015A5EB /* Main.storyboard in Resources */ = {isa = PBXBuildFile; fileRef = 8E75AB4B1BB766CB0015A5EB /* Main.storyboard */; };
		8E75AB4F1BB766CB0015A5EB /* Assets.xcassets in Resources */ = {isa = PBXBuildFile; fileRef = 8E75AB4E1BB766CB0015A5EB /* Assets.xcassets */; };
		8E75AB521BB766CB0015A5EB /* LaunchScreen.storyboard in Resources */ = {isa = PBXBuildFile; fileRef = 8E75AB501BB766CB0015A5EB /* LaunchScreen.storyboard */; };
		8E75AB5D1BB766CB0015A5EB /* Click_CounterTests.swift in Sources */ = {isa = PBXBuildFile; fileRef = 8E75AB5C1BB766CB0015A5EB /* Click_CounterTests.swift */; };
		8E75AB681BB766CB0015A5EB /* Click_CounterUITests.swift in Sources */ = {isa = PBXBuildFile; fileRef = 8E75AB671BB766CB0015A5EB /* Click_CounterUITests.swift */; };
/* End PBXBuildFile section */

/* Begin PBXContainerItemProxy section */
		8E75AB591BB766CB0015A5EB /* PBXContainerItemProxy */ = {
			isa = PBXContainerItemProxy;
			containerPortal = 8E75AB3C1BB766CB0015A5EB /* Project object */;
			proxyType = 1;
			remoteGlobalIDString = 8E75AB431BB766CB0015A5EB;
			remoteInfo = "Click Counter";
		};
		8E75AB641BB766CB0015A5EB /* PBXContainerItemProxy */ = {
			isa = PBXContainerItemProxy;
			containerPortal = 8E75AB3C1BB766CB0015A5EB /* Project object */;
			proxyType = 1;
			remoteGlobalIDString = 8E75AB431BB766CB0015A5EB;
			remoteInfo = "Click Counter";
		};
/* End PBXContainerItemProxy section */

/* Begin PBXFileReference section */
		8E75AB441BB766CB0015A5EB /* Click Counter.app */ = {isa = PBXFileReference; explicitFileType = wrapper.application; includeInIndex = 0; path = "Click Counter.app"; sourceTree = BUILT_PRODUCTS_DIR; };
		8E75AB471BB766CB0015A5EB /* AppDelegate.swift */ = {isa = PBXFileReference; lastKnownFileType = sourcecode.swift; path = AppDelegate.swift; sourceTree = "<group>"; };
		8E75AB491BB766CB0015A5EB /* ViewController.swift */ = {isa = PBXFileReference; lastKnownFileType = sourcecode.swift; path = ViewController.swift; sourceTree = "<group>"; };
		8E75AB4C1BB766CB0015A5EB /* Base */ = {isa = PBXFileReference; lastKnownFileType = file.storyboard; name = Base; path = Base.lproj/Main.storyboard; sourceTree = "<group>"; };
		8E75AB4E1BB766CB0015A5EB /* Assets.xcassets */ = {isa = PBXFileReference; lastKnownFileType = folder.assetcatalog; path = Assets.xcassets; sourceTree = "<group>"; };
		8E75AB511BB766CB0015A5EB /* Base */ = {isa = PBXFileReference; lastKnownFileType = file.storyboard; name = Base; path = Base.lproj/LaunchScreen.storyboard; sourceTree = "<group>"; };
		8E75AB531BB766CB0015A5EB /* Info.plist */ = {isa = PBXFileReference; lastKnownFileType = text.plist.xml; path = Info.plist; sourceTree = "<group>"; };
		8E75AB581BB766CB0015A5EB /* Click CounterTests.xctest */ = {isa = PBXFileReference; explicitFileType = wrapper.cfbundle; includeInIndex = 0; path = "Click CounterTests.xctest"; sourceTree = BUILT_PRODUCTS_DIR; };
		8E75AB5C1BB766CB0015A5EB /* Click_CounterTests.swift */ = {isa = PBXFileReference; lastKnownFileType = sourcecode.swift; path = Click_CounterTests.swift; sourceTree = "<group>"; };
		8E75AB5E1BB766CB0015A5EB /* Info.plist */ = {isa = PBXFileReference; lastKnownFileType = text.plist.xml; path = Info.plist; sourceTree = "<group>"; };
		8E75AB631BB766CB0015A5EB /* Click CounterUITests.xctest */ = {isa = PBXFileReference; explicitFileType = wrapper.cfbundle; includeInIndex = 0; path = "Click CounterUITests.xctest"; sourceTree = BUILT_PRODUCTS_DIR; };
		8E75AB671BB766CB0015A5EB /* Click_CounterUITests.swift */ = {isa = PBXFileReference; lastKnownFileType = sourcecode.swift; path = Click_CounterUITests.swift; sourceTree = "<group>"; };
		8E75AB691BB766CB0015A5EB /* Info.plist */ = {isa = PBXFileReference; lastKnownFileType = text.plist.xml; path = Info.plist; sourceTree = "<group>"; };
/* End PBXFileReference section */

/* Begin PBXFrameworksBuildPhase section */
		8E75AB411BB766CB0015A5EB /* Frameworks */ = {
			isa = PBXFrameworksBuildPhase;
			buildActionMask = 2147483647;
			files = (
			);
			runOnlyForDeploymentPostprocessing = 0;
		};
		8E75AB551BB766CB0015A5EB /* Frameworks */ = {
			isa = PBXFrameworksBuildPhase;
			buildActionMask = 2147483647;
			files = (
			);
			runOnlyForDeploymentPostprocessing = 0;
		};
		8E75AB601BB766CB0015A5EB /* Frameworks */ = {
			isa = PBXFrameworksBuildPhase;
			buildActionMask = 2147483647;
			files = (
			);
			runOnlyForDeploymentPostprocessing = 0;
		};
/* End PBXFrameworksBuildPhase section */

/* Begin PBXGroup section */
		8E75AB3B1BB766CB0015A5EB = {
			isa = PBXGroup;
			children = (
				8E75AB461BB766CB0015A5EB /* Click Counter */,
				8E75AB5B1BB766CB0015A5EB /* Click CounterTests */,
				8E75AB661BB766CB0015A5EB /* Click CounterUITests */,
				8E75AB451BB766CB0015A5EB /* Products */,
			);
			sourceTree = "<group>";
		};
		8E75AB451BB766CB0015A5EB /* Products */ = {
			isa = PBXGroup;
			children = (
				8E75AB441BB766CB0015A5EB /* Click Counter.app */,
				8E75AB581BB766CB0015A5EB /* Click CounterTests.xctest */,
				8E75AB631BB766CB0015A5EB /* Click CounterUITests.xctest */,
			);
			name = Products;
			sourceTree = "<group>";
		};
		8E75AB461BB766CB0015A5EB /* Click Counter */ = {
			isa = PBXGroup;
			children = (
				8E75AB471BB766CB0015A5EB /* AppDelegate.swift */,
				8E75AB491BB766CB0015A5EB /* ViewController.swift */,
				8E75AB4B1BB766CB0015A5EB /* Main.storyboard */,
				8E75AB4E1BB766CB0015A5EB /* Assets.xcassets */,
				8E75AB501BB766CB0015A5EB /* LaunchScreen.storyboard */,
				8E75AB531BB766CB0015A5EB /* Info.plist */,
			);
			path = "Click Counter";
			sourceTree = "<group>";
		};
		8E75AB5B1BB766CB0015A5EB /* Click CounterTests */ = {
			isa = PBXGroup;
			children = (
				8E75AB5C1BB766CB0015A5EB /* Click_CounterTests.swift */,
				8E75AB5E1BB766CB0015A5EB /* Info.plist */,
			);
			path = "Click CounterTests";
			sourceTree = "<group>";
		};
		8E75AB661BB766CB0015A5EB /* Click CounterUITests */ = {
			isa = PBXGroup;
			children = (
				8E75AB671BB766CB0015A5EB /* Click_CounterUITests.swift */,
				8E75AB691BB766CB0015A5EB /* Info.plist */,
			);
			path = "Click CounterUITests";
			sourceTree = "<group>";
		};
/* End PBXGroup section */

/* Begin PBXNativeTarget section */
		8E75AB431BB766CB0015A5EB /* Click Counter */ = {
			isa = PBXNativeTarget;
			buildConfigurationList = 8E75AB6C1BB766CB0015A5EB /* Build configuration list for PBXNativeTarget "Click Counter" */;
			buildPhases = (
				8E75AB401BB766CB0015A5EB /* Sources */,
				8E75AB411BB766CB0015A5EB /* Frameworks */,
				8E75AB421BB766CB0015A5EB /* Resources */,
			);
			buildRules = (
			);
			dependencies = (
			);
			name = "Click Counter";
			productName = "Click Counter";
			productReference = 8E75AB441BB766CB0015A5EB /* Click Counter.app */;
			productType = "com.apple.product-type.application";
		};
		8E75AB571BB766CB0015A5EB /* Click CounterTests */ = {
			isa = PBXNativeTarget;
			buildConfigurationList = 8E75AB6F1BB766CB0015A5EB /* Build configuration list for PBXNativeTarget "Click CounterTests" */;
			buildPhases = (
				8E75AB541BB766CB0015A5EB /* Sources */,
				8E75AB551BB766CB0015A5EB /* Frameworks */,
				8E75AB561BB766CB0015A5EB /* Resources */,
			);
			buildRules = (
			);
			dependencies = (
				8E75AB5A1BB766CB0015A5EB /* PBXTargetDependency */,
			);
			name = "Click CounterTests";
			productName = "Click CounterTests";
			productReference = 8E75AB581BB766CB0015A5EB /* Click CounterTests.xctest */;
			productType = "com.apple.product-type.bundle.unit-test";
		};
		8E75AB621BB766CB0015A5EB /* Click CounterUITests */ = {
			isa = PBXNativeTarget;
			buildConfigurationList = 8E75AB721BB766CB0015A5EB /* Build configuration list for PBXNativeTarget "Click CounterUITests" */;
			buildPhases = (
				8E75AB5F1BB766CB0015A5EB /* Sources */,
				8E75AB601BB766CB0015A5EB /* Frameworks */,
				8E75AB611BB766CB0015A5EB /* Resources */,
			);
			buildRules = (
			);
			dependencies = (
				8E75AB651BB766CB0015A5EB /* PBXTargetDependency */,
			);
			name = "Click CounterUITests";
			productName = "Click CounterUITests";
			productReference = 8E75AB631BB766CB0015A5EB /* Click CounterUITests.xctest */;
			productType = "com.apple.product-type.bundle.ui-testing";
		};
/* End PBXNativeTarget section */

/* Begin PBXProject section */
		8E75AB3C1BB766CB0015A5EB /* Project object */ = {
			isa = PBXProject;
			attributes = {
				LastUpgradeCheck = 0700;
				ORGANIZATIONNAME = "Roberto Arciniegas";
				TargetAttributes = {
					8E75AB431BB766CB0015A5EB = {
						CreatedOnToolsVersion = 7.0;
					};
					8E75AB571BB766CB0015A5EB = {
						CreatedOnToolsVersion = 7.0;
						TestTargetID = 8E75AB431BB766CB0015A5EB;
					};
					8E75AB621BB766CB0015A5EB = {
						CreatedOnToolsVersion = 7.0;
						TestTargetID = 8E75AB431BB766CB0015A5EB;
					};
				};
			};
			buildConfigurationList = 8E75AB3F1BB766CB0015A5EB /* Build configuration list for PBXProject "Click Counter" */;
			compatibilityVersion = "Xcode 3.2";
			developmentRegion = English;
			hasScannedForEncodings = 0;
			knownRegions = (
				en,
				Base,
			);
			mainGroup = 8E75AB3B1BB766CB0015A5EB;
			productRefGroup = 8E75AB451BB766CB0015A5EB /* Products */;
			projectDirPath = "";
			projectRoot = "";
			targets = (
				8E75AB431BB766CB0015A5EB /* Click Counter */,
				8E75AB571BB766CB0015A5EB /* Click CounterTests */,
				8E75AB621BB766CB0015A5EB /* Click CounterUITests */,
			);
		};
/* End PBXProject section */

/* Begin PBXResourcesBuildPhase section */
		8E75AB421BB766CB0015A5EB /* Resources */ = {
			isa = PBXResourcesBuildPhase;
			buildActionMask = 2147483647;
			files = (
				8E75AB521BB766CB0015A5EB /* LaunchScreen.storyboard in Resources */,
				8E75AB4F1BB766CB0015A5EB /* Assets.xcassets in Resources */,
				8E75AB4D1BB766CB0015A5EB /* Main.storyboard in Resources */,
			);
			runOnlyForDeploymentPostprocessing = 0;
		};
		8E75AB561BB766CB0015A5EB /* Resources */ = {
			isa = PBXResourcesBuildPhase;
			buildActionMask = 2147483647;
			files = (
			);
			runOnlyForDeploymentPostprocessing = 0;
		};
		8E75AB611BB766CB0015A5EB /* Resources */ = {
			isa = PBXResourcesBuildPhase;
			buildActionMask = 2147483647;
			files = (
			);
			runOnlyForDeploymentPostprocessing = 0;
		};
/* End PBXResourcesBuildPhase section */

/* Begin PBXSourcesBuildPhase section */
		8E75AB401BB766CB0015A5EB /* Sources */ = {
			isa = PBXSourcesBuildPhase;
			buildActionMask = 2147483647;
			files = (
				8E75AB4A1BB766CB0015A5EB /* ViewController.swift in Sources */,
				8E75AB481BB766CB0015A5EB /* AppDelegate.swift in Sources */,
			);
			runOnlyForDeploymentPostprocessing = 0;
		};
		8E75AB541BB766CB0015A5EB /* Sources */ = {
			isa = PBXSourcesBuildPhase;
			buildActionMask = 2147483647;
			files = (
				8E75AB5D1BB766CB0015A5EB /* Click_CounterTests.swift in Sources */,
			);
			runOnlyForDeploymentPostprocessing = 0;
		};
		8E75AB5F1BB766CB0015A5EB /* Sources */ = {
			isa = PBXSourcesBuildPhase;
			buildActionMask = 2147483647;
			files = (
				8E75AB681BB766CB0015A5EB /* Click_CounterUITests.swift in Sources */,
			);
			runOnlyForDeploymentPostprocessing = 0;
		};
/* End PBXSourcesBuildPhase section */

/* Begin PBXTargetDependency section */
		8E75AB5A1BB766CB0015A5EB /* PBXTargetDependency */ = {
			isa = PBXTargetDependency;
			target = 8E75AB431BB766CB0015A5EB /* Click Counter */;
			targetProxy = 8E75AB591BB766CB0015A5EB /* PBXContainerItemProxy */;
		};
		8E75AB651BB766CB0015A5EB /* PBXTargetDependency */ = {
			isa = PBXTargetDependency;
			target = 8E75AB431BB766CB0015A5EB /* Click Counter */;
			targetProxy = 8E75AB641BB766CB0015A5EB /* PBXContainerItemProxy */;
		};
/* End PBXTargetDependency section */

/* Begin PBXVariantGroup section */
		8E75AB4B1BB766CB0015A5EB /* Main.storyboard */ = {
			isa = PBXVariantGroup;
			children = (
				8E75AB4C1BB766CB0015A5EB /* Base */,
			);
			name = Main.storyboard;
			sourceTree = "<group>";
		};
		8E75AB501BB766CB0015A5EB /* LaunchScreen.storyboard */ = {
			isa = PBXVariantGroup;
			children = (
				8E75AB511BB766CB0015A5EB /* Base */,
			);
			name = LaunchScreen.storyboard;
			sourceTree = "<group>";
		};
/* End PBXVariantGroup section */

/* Begin XCBuildConfiguration section */
		8E75AB6A1BB766CB0015A5EB /* Debug */ = {
			isa = XCBuildConfiguration;
			buildSettings = {
				ALWAYS_SEARCH_USER_PATHS = NO;
				CLANG_CXX_LANGUAGE_STANDARD = "gnu++0x";
				CLANG_CXX_LIBRARY = "libc++";
				CLANG_ENABLE_MODULES = YES;
				CLANG_ENABLE_OBJC_ARC = YES;
				CLANG_WARN_BOOL_CONVERSION = YES;
				CLANG_WARN_CONSTANT_CONVERSION = YES;
				CLANG_WARN_DIRECT_OBJC_ISA_USAGE = YES_ERROR;
				CLANG_WARN_EMPTY_BODY = YES;
				CLANG_WARN_ENUM_CONVERSION = YES;
				CLANG_WARN_INT_CONVERSION = YES;
				CLANG_WARN_OBJC_ROOT_CLASS = YES_ERROR;
				CLANG_WARN_UNREACHABLE_CODE = YES;
				CLANG_WARN__DUPLICATE_METHOD_MATCH = YES;
				"CODE_SIGN_IDENTITY[sdk=iphoneos*]" = "iPhone Developer";
				COPY_PHASE_STRIP = NO;
				DEBUG_INFORMATION_FORMAT = dwarf;
				ENABLE_STRICT_OBJC_MSGSEND = YES;
				ENABLE_TESTABILITY = YES;
				GCC_C_LANGUAGE_STANDARD = gnu99;
				GCC_DYNAMIC_NO_PIC = NO;
				GCC_NO_COMMON_BLOCKS = YES;
				GCC_OPTIMIZATION_LEVEL = 0;
				GCC_PREPROCESSOR_DEFINITIONS = (
					"DEBUG=1",
					"$(inherited)",
				);
				GCC_WARN_64_TO_32_BIT_CONVERSION = YES;
				GCC_WARN_ABOUT_RETURN_TYPE = YES_ERROR;
				GCC_WARN_UNDECLARED_SELECTOR = YES;
				GCC_WARN_UNINITIALIZED_AUTOS = YES_AGGRESSIVE;
				GCC_WARN_UNUSED_FUNCTION = YES;
				GCC_WARN_UNUSED_VARIABLE = YES;
				IPHONEOS_DEPLOYMENT_TARGET = 9.0;
				MTL_ENABLE_DEBUG_INFO = YES;
				ONLY_ACTIVE_ARCH = YES;
				SDKROOT = iphoneos;
				SWIFT_OPTIMIZATION_LEVEL = "-Onone";
			};
			name = Debug;
		};
		8E75AB6B1BB766CB0015A5EB /* Release */ = {
			isa = XCBuildConfiguration;
			buildSettings = {
				ALWAYS_SEARCH_USER_PATHS = NO;
				CLANG_CXX_LANGUAGE_STANDARD = "gnu++0x";
				CLANG_CXX_LIBRARY = "libc++";
				CLANG_ENABLE_MODULES = YES;
				CLANG_ENABLE_OBJC_ARC = YES;
				CLANG_WARN_BOOL_CONVERSION = YES;
				CLANG_WARN_CONSTANT_CONVERSION = YES;
				CLANG_WARN_DIRECT_OBJC_ISA_USAGE = YES_ERROR;
				CLANG_WARN_EMPTY_BODY = YES;
				CLANG_WARN_ENUM_CONVERSION = YES;
				CLANG_WARN_INT_CONVERSION = YES;
				CLANG_WARN_OBJC_ROOT_CLASS = YES_ERROR;
				CLANG_WARN_UNREACHABLE_CODE = YES;
				CLANG_WARN__DUPLICATE_METHOD_MATCH = YES;
				"CODE_SIGN_IDENTITY[sdk=iphoneos*]" = "iPhone Developer";
				COPY_PHASE_STRIP = NO;
				DEBUG_INFORMATION_FORMAT = "dwarf-with-dsym";
				ENABLE_NS_ASSERTIONS = NO;
				ENABLE_STRICT_OBJC_MSGSEND = YES;
				GCC_C_LANGUAGE_STANDARD = gnu99;
				GCC_NO_COMMON_BLOCKS = YES;
				GCC_WARN_64_TO_32_BIT_CONVERSION = YES;
				GCC_WARN_ABOUT_RETURN_TYPE = YES_ERROR;
				GCC_WARN_UNDECLARED_SELECTOR = YES;
				GCC_WARN_UNINITIALIZED_AUTOS = YES_AGGRESSIVE;
				GCC_WARN_UNUSED_FUNCTION = YES;
				GCC_WARN_UNUSED_VARIABLE = YES;
				IPHONEOS_DEPLOYMENT_TARGET = 9.0;
				MTL_ENABLE_DEBUG_INFO = NO;
				SDKROOT = iphoneos;
				VALIDATE_PRODUCT = YES;
			};
			name = Release;
		};
		8E75AB6D1BB766CB0015A5EB /* Debug */ = {
			isa = XCBuildConfiguration;
			buildSettings = {
				ASSETCATALOG_COMPILER_APPICON_NAME = AppIcon;
				INFOPLIST_FILE = "Click Counter/Info.plist";
				LD_RUNPATH_SEARCH_PATHS = "$(inherited) @executable_path/Frameworks";
				PRODUCT_BUNDLE_IDENTIFIER = "net.arciniegas.Click-Counter";
				PRODUCT_NAME = "$(TARGET_NAME)";
			};
			name = Debug;
		};
		8E75AB6E1BB766CB0015A5EB /* Release */ = {
			isa = XCBuildConfiguration;
			buildSettings = {
				ASSETCATALOG_COMPILER_APPICON_NAME = AppIcon;
				INFOPLIST_FILE = "Click Counter/Info.plist";
				LD_RUNPATH_SEARCH_PATHS = "$(inherited) @executable_path/Frameworks";
				PRODUCT_BUNDLE_IDENTIFIER = "net.arciniegas.Click-Counter";
				PRODUCT_NAME = "$(TARGET_NAME)";
			};
			name = Release;
		};
		8E75AB701BB766CB0015A5EB /* Debug */ = {
			isa = XCBuildConfiguration;
			buildSettings = {
				BUNDLE_LOADER = "$(TEST_HOST)";
				INFOPLIST_FILE = "Click CounterTests/Info.plist";
				LD_RUNPATH_SEARCH_PATHS = "$(inherited) @executable_path/Frameworks @loader_path/Frameworks";
				PRODUCT_BUNDLE_IDENTIFIER = "net.arciniegas.Click-CounterTests";
				PRODUCT_NAME = "$(TARGET_NAME)";
				TEST_HOST = "$(BUILT_PRODUCTS_DIR)/Click Counter.app/Click Counter";
			};
			name = Debug;
		};
		8E75AB711BB766CB0015A5EB /* Release */ = {
			isa = XCBuildConfiguration;
			buildSettings = {
				BUNDLE_LOADER = "$(TEST_HOST)";
				INFOPLIST_FILE = "Click CounterTests/Info.plist";
				LD_RUNPATH_SEARCH_PATHS = "$(inherited) @executable_path/Frameworks @loader_path/Frameworks";
				PRODUCT_BUNDLE_IDENTIFIER = "net.arciniegas.Click-CounterTests";
				PRODUCT_NAME = "$(TARGET_NAME)";
				TEST_HOST = "$(BUILT_PRODUCTS_DIR)/Click Counter.app/Click Counter";
			};
			name = Release;
		};
		8E75AB731BB766CB0015A5EB /* Debug */ = {
			isa = XCBuildConfiguration;
			buildSettings = {
				INFOPLIST_FILE = "Click CounterUITests/Info.plist";
				LD_RUNPATH_SEARCH_PATHS = "$(inherited) @executable_path/Frameworks @loader_path/Frameworks";
				PRODUCT_BUNDLE_IDENTIFIER = "net.arciniegas.Click-CounterUITests";
				PRODUCT_NAME = "$(TARGET_NAME)";
				TEST_TARGET_NAME = "Click Counter";
				USES_XCTRUNNER = YES;
			};
			name = Debug;
		};
		8E75AB741BB766CB0015A5EB /* Release */ = {
			isa = XCBuildConfiguration;
			buildSettings = {
				INFOPLIST_FILE = "Click CounterUITests/Info.plist";
				LD_RUNPATH_SEARCH_PATHS = "$(inherited) @executable_path/Frameworks @loader_path/Frameworks";
				PRODUCT_BUNDLE_IDENTIFIER = "net.arciniegas.Click-CounterUITests";
				PRODUCT_NAME = "$(TARGET_NAME)";
				TEST_TARGET_NAME = "Click Counter";
				USES_XCTRUNNER = YES;
			};
			name = Release;
		};
/* End XCBuildConfiguration section */

/* Begin XCConfigurationList section */
		8E75AB3F1BB766CB0015A5EB /* Build configuration list for PBXProject "Click Counter" */ = {
			isa = XCConfigurationList;
			buildConfigurations = (
				8E75AB6A1BB766CB0015A5EB /* Debug */,
				8E75AB6B1BB766CB0015A5EB /* Release */,
			);
			defaultConfigurationIsVisible = 0;
			defaultConfigurationName = Release;
		};
		8E75AB6C1BB766CB0015A5EB /* Build configuration list for PBXNativeTarget "Click Counter" */ = {
			isa = XCConfigurationList;
			buildConfigurations = (
				8E75AB6D1BB766CB0015A5EB /* Debug */,
				8E75AB6E1BB766CB0015A5EB /* Release */,
			);
			defaultConfigurationIsVisible = 0;
		};
		8E75AB6F1BB766CB0015A5EB /* Build configuration list for PBXNativeTarget "Click CounterTests" */ = {
			isa = XCConfigurationList;
			buildConfigurations = (
				8E75AB701BB766CB0015A5EB /* Debug */,
				8E75AB711BB766CB0015A5EB /* Release */,
			);
			defaultConfigurationIsVisible = 0;
		};
		8E75AB721BB766CB0015A5EB /* Build configuration list for PBXNativeTarget "Click CounterUITests" */ = {
			isa = XCConfigurationList;
			buildConfigurations = (
				8E75AB731BB766CB0015A5EB /* Debug */,
				8E75AB741BB766CB0015A5EB /* Release */,
			);
			defaultConfigurationIsVisible = 0;
		};
/* End XCConfigurationList section */
	};
	rootObject = 8E75AB3C1BB766CB0015A5EB /* Project object */;
}
